// !$*UTF8*$!
{
	archiveVersion = 1;
	classes = {
	};
	objectVersion = 46;
	objects = {

/* Begin PBXBuildFile section */
		8C6FC1091AB2883C000078E4 /* AppDelegate.swift in Sources */ = {isa = PBXBuildFile; fileRef = 8C6FC1081AB2883C000078E4 /* AppDelegate.swift */; };
		8C6FC10B1AB2883C000078E4 /* ViewController.swift in Sources */ = {isa = PBXBuildFile; fileRef = 8C6FC10A1AB2883C000078E4 /* ViewController.swift */; };
		8C6FC10E1AB2883C000078E4 /* Main.storyboard in Resources */ = {isa = PBXBuildFile; fileRef = 8C6FC10C1AB2883C000078E4 /* Main.storyboard */; };
		8C6FC1101AB2883C000078E4 /* Images.xcassets in Resources */ = {isa = PBXBuildFile; fileRef = 8C6FC10F1AB2883C000078E4 /* Images.xcassets */; };
		8C6FC1131AB2883C000078E4 /* LaunchScreen.xib in Resources */ = {isa = PBXBuildFile; fileRef = 8C6FC1111AB2883C000078E4 /* LaunchScreen.xib */; };
		8C6FC11F1AB2883D000078E4 /* Pitch_PerfectTests.swift in Sources */ = {isa = PBXBuildFile; fileRef = 8C6FC11E1AB2883D000078E4 /* Pitch_PerfectTests.swift */; };
/* End PBXBuildFile section */

/* Begin PBXContainerItemProxy section */
		8C6FC1191AB2883D000078E4 /* PBXContainerItemProxy */ = {
			isa = PBXContainerItemProxy;
			containerPortal = 8C6FC0FB1AB2883C000078E4 /* Project object */;
			proxyType = 1;
			remoteGlobalIDString = 8C6FC1021AB2883C000078E4;
			remoteInfo = "Pitch Perfect";
		};
/* End PBXContainerItemProxy section */

/* Begin PBXFileReference section */
		8C6FC1031AB2883C000078E4 /* Pitch Perfect.app */ = {isa = PBXFileReference; explicitFileType = wrapper.application; includeInIndex = 0; path = "Pitch Perfect.app"; sourceTree = BUILT_PRODUCTS_DIR; };
		8C6FC1071AB2883C000078E4 /* Info.plist */ = {isa = PBXFileReference; lastKnownFileType = text.plist.xml; path = Info.plist; sourceTree = "<group>"; };
		8C6FC1081AB2883C000078E4 /* AppDelegate.swift */ = {isa = PBXFileReference; lastKnownFileType = sourcecode.swift; path = AppDelegate.swift; sourceTree = "<group>"; };
		8C6FC10A1AB2883C000078E4 /* ViewController.swift */ = {isa = PBXFileReference; lastKnownFileType = sourcecode.swift; path = ViewController.swift; sourceTree = "<group>"; };
		8C6FC10D1AB2883C000078E4 /* Base */ = {isa = PBXFileReference; lastKnownFileType = file.storyboard; name = Base; path = Base.lproj/Main.storyboard; sourceTree = "<group>"; };
		8C6FC10F1AB2883C000078E4 /* Images.xcassets */ = {isa = PBXFileReference; lastKnownFileType = folder.assetcatalog; path = Images.xcassets; sourceTree = "<group>"; };
		8C6FC1121AB2883C000078E4 /* Base */ = {isa = PBXFileReference; lastKnownFileType = file.xib; name = Base; path = Base.lproj/LaunchScreen.xib; sourceTree = "<group>"; };
		8C6FC1181AB2883D000078E4 /* Pitch PerfectTests.xctest */ = {isa = PBXFileReference; explicitFileType = wrapper.cfbundle; includeInIndex = 0; path = "Pitch PerfectTests.xctest"; sourceTree = BUILT_PRODUCTS_DIR; };
		8C6FC11D1AB2883D000078E4 /* Info.plist */ = {isa = PBXFileReference; lastKnownFileType = text.plist.xml; path = Info.plist; sourceTree = "<group>"; };
		8C6FC11E1AB2883D000078E4 /* Pitch_PerfectTests.swift */ = {isa = PBXFileReference; lastKnownFileType = sourcecode.swift; path = Pitch_PerfectTests.swift; sourceTree = "<group>"; };
/* End PBXFileReference section */

/* Begin PBXFrameworksBuildPhase section */
		8C6FC1001AB2883C000078E4 /* Frameworks */ = {
			isa = PBXFrameworksBuildPhase;
			buildActionMask = 2147483647;
			files = (
			);
			runOnlyForDeploymentPostprocessing = 0;
		};
		8C6FC1151AB2883D000078E4 /* Frameworks */ = {
			isa = PBXFrameworksBuildPhase;
			buildActionMask = 2147483647;
			files = (
			);
			runOnlyForDeploymentPostprocessing = 0;
		};
/* End PBXFrameworksBuildPhase section */

/* Begin PBXGroup section */
		8C6FC0FA1AB2883C000078E4 = {
			isa = PBXGroup;
			children = (
				8C6FC1051AB2883C000078E4 /* Pitch Perfect */,
				8C6FC11B1AB2883D000078E4 /* Pitch PerfectTests */,
				8C6FC1041AB2883C000078E4 /* Products */,
			);
			sourceTree = "<group>";
		};
		8C6FC1041AB2883C000078E4 /* Products */ = {
			isa = PBXGroup;
			children = (
				8C6FC1031AB2883C000078E4 /* Pitch Perfect.app */,
				8C6FC1181AB2883D000078E4 /* Pitch PerfectTests.xctest */,
			);
			name = Products;
			sourceTree = "<group>";
		};
		8C6FC1051AB2883C000078E4 /* Pitch Perfect */ = {
			isa = PBXGroup;
			children = (
				8C6FC1081AB2883C000078E4 /* AppDelegate.swift */,
				8C6FC10A1AB2883C000078E4 /* ViewController.swift */,
				8C6FC10C1AB2883C000078E4 /* Main.storyboard */,
				8C6FC10F1AB2883C000078E4 /* Images.xcassets */,
				8C6FC1111AB2883C000078E4 /* LaunchScreen.xib */,
				8C6FC1061AB2883C000078E4 /* Supporting Files */,
			);
			path = "Pitch Perfect";
			sourceTree = "<group>";
		};
		8C6FC1061AB2883C000078E4 /* Supporting Files */ = {
			isa = PBXGroup;
			children = (
				8C6FC1071AB2883C000078E4 /* Info.plist */,
			);
			name = "Supporting Files";
			sourceTree = "<group>";
		};
		8C6FC11B1AB2883D000078E4 /* Pitch PerfectTests */ = {
			isa = PBXGroup;
			children = (
				8C6FC11E1AB2883D000078E4 /* Pitch_PerfectTests.swift */,
				8C6FC11C1AB2883D000078E4 /* Supporting Files */,
			);
			path = "Pitch PerfectTests";
			sourceTree = "<group>";
		};
		8C6FC11C1AB2883D000078E4 /* Supporting Files */ = {
			isa = PBXGroup;
			children = (
				8C6FC11D1AB2883D000078E4 /* Info.plist */,
			);
			name = "Supporting Files";
			sourceTree = "<group>";
		};
/* End PBXGroup section */

/* Begin PBXNativeTarget section */
		8C6FC1021AB2883C000078E4 /* Pitch Perfect */ = {
			isa = PBXNativeTarget;
			buildConfigurationList = 8C6FC1221AB2883D000078E4 /* Build configuration list for PBXNativeTarget "Pitch Perfect" */;
			buildPhases = (
				8C6FC0FF1AB2883C000078E4 /* Sources */,
				8C6FC1001AB2883C000078E4 /* Frameworks */,
				8C6FC1011AB2883C000078E4 /* Resources */,
			);
			buildRules = (
			);
			dependencies = (
			);
			name = "Pitch Perfect";
			productName = "Pitch Perfect";
			productReference = 8C6FC1031AB2883C000078E4 /* Pitch Perfect.app */;
			productType = "com.apple.product-type.application";
		};
		8C6FC1171AB2883D000078E4 /* Pitch PerfectTests */ = {
			isa = PBXNativeTarget;
			buildConfigurationList = 8C6FC1251AB2883D000078E4 /* Build configuration list for PBXNativeTarget "Pitch PerfectTests" */;
			buildPhases = (
				8C6FC1141AB2883D000078E4 /* Sources */,
				8C6FC1151AB2883D000078E4 /* Frameworks */,
				8C6FC1161AB2883D000078E4 /* Resources */,
			);
			buildRules = (
			);
			dependencies = (
				8C6FC11A1AB2883D000078E4 /* PBXTargetDependency */,
			);
			name = "Pitch PerfectTests";
			productName = "Pitch PerfectTests";
			productReference = 8C6FC1181AB2883D000078E4 /* Pitch PerfectTests.xctest */;
			productType = "com.apple.product-type.bundle.unit-test";
		};
/* End PBXNativeTarget section */

/* Begin PBXProject section */
		8C6FC0FB1AB2883C000078E4 /* Project object */ = {
			isa = PBXProject;
			attributes = {
				LastUpgradeCheck = 0610;
				ORGANIZATIONNAME = me;
				TargetAttributes = {
					8C6FC1021AB2883C000078E4 = {
						CreatedOnToolsVersion = 6.1.1;
					};
					8C6FC1171AB2883D000078E4 = {
						CreatedOnToolsVersion = 6.1.1;
						TestTargetID = 8C6FC1021AB2883C000078E4;
					};
				};
			};
			buildConfigurationList = 8C6FC0FE1AB2883C000078E4 /* Build configuration list for PBXProject "Pitch Perfect" */;
			compatibilityVersion = "Xcode 3.2";
			developmentRegion = English;
			hasScannedForEncodings = 0;
			knownRegions = (
				en,
				Base,
			);
			mainGroup = 8C6FC0FA1AB2883C000078E4;
			productRefGroup = 8C6FC1041AB2883C000078E4 /* Products */;
			projectDirPath = "";
			projectRoot = "";
			targets = (
				8C6FC1021AB2883C000078E4 /* Pitch Perfect */,
				8C6FC1171AB2883D000078E4 /* Pitch PerfectTests */,
			);
		};
/* End PBXProject section */

/* Begin PBXResourcesBuildPhase section */
		8C6FC1011AB2883C000078E4 /* Resources */ = {
			isa = PBXResourcesBuildPhase;
			buildActionMask = 2147483647;
			files = (
				8C6FC10E1AB2883C000078E4 /* Main.storyboard in Resources */,
				8C6FC1131AB2883C000078E4 /* LaunchScreen.xib in Resources */,
				8C6FC1101AB2883C000078E4 /* Images.xcassets in Resources */,
			);
			runOnlyForDeploymentPostprocessing = 0;
		};
		8C6FC1161AB2883D000078E4 /* Resources */ = {
			isa = PBXResourcesBuildPhase;
			buildActionMask = 2147483647;
			files = (
			);
			runOnlyForDeploymentPostprocessing = 0;
		};
/* End PBXResourcesBuildPhase section */

/* Begin PBXSourcesBuildPhase section */
		8C6FC0FF1AB2883C000078E4 /* Sources */ = {
			isa = PBXSourcesBuildPhase;
			buildActionMask = 2147483647;
			files = (
				8C6FC10B1AB2883C000078E4 /* ViewController.swift in Sources */,
				8C6FC1091AB2883C000078E4 /* AppDelegate.swift in Sources */,
			);
			runOnlyForDeploymentPostprocessing = 0;
		};
		8C6FC1141AB2883D000078E4 /* Sources */ = {
			isa = PBXSourcesBuildPhase;
			buildActionMask = 2147483647;
			files = (
				8C6FC11F1AB2883D000078E4 /* Pitch_PerfectTests.swift in Sources */,
			);
			runOnlyForDeploymentPostprocessing = 0;
		};
/* End PBXSourcesBuildPhase section */

/* Begin PBXTargetDependency section */
		8C6FC11A1AB2883D000078E4 /* PBXTargetDependency */ = {
			isa = PBXTargetDependency;
			target = 8C6FC1021AB2883C000078E4 /* Pitch Perfect */;
			targetProxy = 8C6FC1191AB2883D000078E4 /* PBXContainerItemProxy */;
		};
/* End PBXTargetDependency section */

/* Begin PBXVariantGroup section */
		8C6FC10C1AB2883C000078E4 /* Main.storyboard */ = {
			isa = PBXVariantGroup;
			children = (
				8C6FC10D1AB2883C000078E4 /* Base */,
			);
			name = Main.storyboard;
			sourceTree = "<group>";
		};
		8C6FC1111AB2883C000078E4 /* LaunchScreen.xib */ = {
			isa = PBXVariantGroup;
			children = (
				8C6FC1121AB2883C000078E4 /* Base */,
			);
			name = LaunchScreen.xib;
			sourceTree = "<group>";
		};
/* End PBXVariantGroup section */

/* Begin XCBuildConfiguration section */
		8C6FC1201AB2883D000078E4 /* Debug */ = {
			isa = XCBuildConfiguration;
			buildSettings = {
				ALWAYS_SEARCH_USER_PATHS = NO;
				CLANG_CXX_LANGUAGE_STANDARD = "gnu++0x";
				CLANG_CXX_LIBRARY = "libc++";
				CLANG_ENABLE_MODULES = YES;
				CLANG_ENABLE_OBJC_ARC = YES;
				CLANG_WARN_BOOL_CONVERSION = YES;
				CLANG_WARN_CONSTANT_CONVERSION = YES;
				CLANG_WARN_DIRECT_OBJC_ISA_USAGE = YES_ERROR;
				CLANG_WARN_EMPTY_BODY = YES;
				CLANG_WARN_ENUM_CONVERSION = YES;
				CLANG_WARN_INT_CONVERSION = YES;
				CLANG_WARN_OBJC_ROOT_CLASS = YES_ERROR;
				CLANG_WARN_UNREACHABLE_CODE = YES;
				CLANG_WARN__DUPLICATE_METHOD_MATCH = YES;
				"CODE_SIGN_IDENTITY[sdk=iphoneos*]" = "iPhone Developer";
				COPY_PHASE_STRIP = NO;
				ENABLE_STRICT_OBJC_MSGSEND = YES;
				GCC_C_LANGUAGE_STANDARD = gnu99;
				GCC_DYNAMIC_NO_PIC = NO;
				GCC_OPTIMIZATION_LEVEL = 0;
				GCC_PREPROCESSOR_DEFINITIONS = (
					"DEBUG=1",
					"$(inherited)",
				);
				GCC_SYMBOLS_PRIVATE_EXTERN = NO;
				GCC_WARN_64_TO_32_BIT_CONVERSION = YES;
				GCC_WARN_ABOUT_RETURN_TYPE = YES_ERROR;
				GCC_WARN_UNDECLARED_SELECTOR = YES;
				GCC_WARN_UNINITIALIZED_AUTOS = YES_AGGRESSIVE;
				GCC_WARN_UNUSED_FUNCTION = YES;
				GCC_WARN_UNUSED_VARIABLE = YES;
				IPHONEOS_DEPLOYMENT_TARGET = 8.1;
				MTL_ENABLE_DEBUG_INFO = YES;
				ONLY_ACTIVE_ARCH = YES;
				SDKROOT = iphoneos;
				SWIFT_OPTIMIZATION_LEVEL = "-Onone";
			};
			name = Debug;
		};
		8C6FC1211AB2883D000078E4 /* Release */ = {
			isa = XCBuildConfiguration;
			buildSettings = {
				ALWAYS_SEARCH_USER_PATHS = NO;
				CLANG_CXX_LANGUAGE_STANDARD = "gnu++0x";
				CLANG_CXX_LIBRARY = "libc++";
				CLANG_ENABLE_MODULES = YES;
				CLANG_ENABLE_OBJC_ARC = YES;
				CLANG_WARN_BOOL_CONVERSION = YES;
				CLANG_WARN_CONSTANT_CONVERSION = YES;
				CLANG_WARN_DIRECT_OBJC_ISA_USAGE = YES_ERROR;
				CLANG_WARN_EMPTY_BODY = YES;
				CLANG_WARN_ENUM_CONVERSION = YES;
				CLANG_WARN_INT_CONVERSION = YES;
				CLANG_WARN_OBJC_ROOT_CLASS = YES_ERROR;
				CLANG_WARN_UNREACHABLE_CODE = YES;
				CLANG_WARN__DUPLICATE_METHOD_MATCH = YES;
				"CODE_SIGN_IDENTITY[sdk=iphoneos*]" = "iPhone Developer";
				COPY_PHASE_STRIP = YES;
				ENABLE_NS_ASSERTIONS = NO;
				ENABLE_STRICT_OBJC_MSGSEND = YES;
				GCC_C_LANGUAGE_STANDARD = gnu99;
				GCC_WARN_64_TO_32_BIT_CONVERSION = YES;
				GCC_WARN_ABOUT_RETURN_TYPE = YES_ERROR;
				GCC_WARN_UNDECLARED_SELECTOR = YES;
				GCC_WARN_UNINITIALIZED_AUTOS = YES_AGGRESSIVE;
				GCC_WARN_UNUSED_FUNCTION = YES;
				GCC_WARN_UNUSED_VARIABLE = YES;
				IPHONEOS_DEPLOYMENT_TARGET = 8.1;
				MTL_ENABLE_DEBUG_INFO = NO;
				SDKROOT = iphoneos;
				VALIDATE_PRODUCT = YES;
			};
			name = Release;
		};
		8C6FC1231AB2883D000078E4 /* Debug */ = {
			isa = XCBuildConfiguration;
			buildSettings = {
				ASSETCATALOG_COMPILER_APPICON_NAME = AppIcon;
				INFOPLIST_FILE = "Pitch Perfect/Info.plist";
				LD_RUNPATH_SEARCH_PATHS = "$(inherited) @executable_path/Frameworks";
				PRODUCT_NAME = "$(TARGET_NAME)";
			};
			name = Debug;
		};
		8C6FC1241AB2883D000078E4 /* Release */ = {
			isa = XCBuildConfiguration;
			buildSettings = {
				ASSETCATALOG_COMPILER_APPICON_NAME = AppIcon;
				INFOPLIST_FILE = "Pitch Perfect/Info.plist";
				LD_RUNPATH_SEARCH_PATHS = "$(inherited) @executable_path/Frameworks";
				PRODUCT_NAME = "$(TARGET_NAME)";
			};
			name = Release;
		};
		8C6FC1261AB2883D000078E4 /* Debug */ = {
			isa = XCBuildConfiguration;
			buildSettings = {
				BUNDLE_LOADER = "$(TEST_HOST)";
				FRAMEWORK_SEARCH_PATHS = (
					"$(SDKROOT)/Developer/Library/Frameworks",
					"$(inherited)",
				);
				GCC_PREPROCESSOR_DEFINITIONS = (
					"DEBUG=1",
					"$(inherited)",
				);
				INFOPLIST_FILE = "Pitch PerfectTests/Info.plist";
				LD_RUNPATH_SEARCH_PATHS = "$(inherited) @executable_path/Frameworks @loader_path/Frameworks";
				PRODUCT_NAME = "$(TARGET_NAME)";
				TEST_HOST = "$(BUILT_PRODUCTS_DIR)/Pitch Perfect.app/Pitch Perfect";
			};
			name = Debug;
		};
		8C6FC1271AB2883D000078E4 /* Release */ = {
			isa = XCBuildConfiguration;
			buildSettings = {
				BUNDLE_LOADER = "$(TEST_HOST)";
				FRAMEWORK_SEARCH_PATHS = (
					"$(SDKROOT)/Developer/Library/Frameworks",
					"$(inherited)",
				);
				INFOPLIST_FILE = "Pitch PerfectTests/Info.plist";
				LD_RUNPATH_SEARCH_PATHS = "$(inherited) @executable_path/Frameworks @loader_path/Frameworks";
				PRODUCT_NAME = "$(TARGET_NAME)";
				TEST_HOST = "$(BUILT_PRODUCTS_DIR)/Pitch Perfect.app/Pitch Perfect";
			};
			name = Release;
		};
/* End XCBuildConfiguration section */

/* Begin XCConfigurationList section */
		8C6FC0FE1AB2883C000078E4 /* Build configuration list for PBXProject "Pitch Perfect" */ = {
			isa = XCConfigurationList;
			buildConfigurations = (
				8C6FC1201AB2883D000078E4 /* Debug */,
				8C6FC1211AB2883D000078E4 /* Release */,
			);
			defaultConfigurationIsVisible = 0;
			defaultConfigurationName = Release;
		};
		8C6FC1221AB2883D000078E4 /* Build configuration list for PBXNativeTarget "Pitch Perfect" */ = {
			isa = XCConfigurationList;
			buildConfigurations = (
				8C6FC1231AB2883D000078E4 /* Debug */,
				8C6FC1241AB2883D000078E4 /* Release */,
			);
			defaultConfigurationIsVisible = 0;
		};
		8C6FC1251AB2883D000078E4 /* Build configuration list for PBXNativeTarget "Pitch PerfectTests" */ = {
			isa = XCConfigurationList;
			buildConfigurations = (
				8C6FC1261AB2883D000078E4 /* Debug */,
				8C6FC1271AB2883D000078E4 /* Release */,
			);
			defaultConfigurationIsVisible = 0;
		};
/* End XCConfigurationList section */
	};
	rootObject = 8C6FC0FB1AB2883C000078E4 /* Project object */;
}
